
Microsoft Visual Studio Solution File, Format Version 12.00
# Visual Studio Version 17
VisualStudioVersion = 17.7.34031.279
MinimumVisualStudioVersion = 10.0.40219.1
Project("{FAE04EC0-301F-11D3-BF4B-00C04F79EFBC}") = "LivInParis", "LivInParis\LivInParis.csproj", "{414114D5-AB37-444E-B10D-928BAA0C17AA}"
EndProject
Global
	GlobalSection(SolutionConfigurationPlatforms) = preSolution
		Debug|Any CPU = Debug|Any CPU
		Release|Any CPU = Release|Any CPU
	EndGlobalSection
	GlobalSection(ProjectConfigurationPlatforms) = postSolution
		{414114D5-AB37-444E-B10D-928BAA0C17AA}.Debug|Any CPU.ActiveCfg = Debug|Any CPU
		{414114D5-AB37-444E-B10D-928BAA0C17AA}.Debug|Any CPU.Build.0 = Debug|Any CPU
		{414114D5-AB37-444E-B10D-928BAA0C17AA}.Release|Any CPU.ActiveCfg = Release|Any CPU
		{414114D5-AB37-444E-B10D-928BAA0C17AA}.Release|Any CPU.Build.0 = Release|Any CPU
	EndGlobalSection
	GlobalSection(SolutionProperties) = preSolution
		HideSolutionNode = FALSE
	EndGlobalSection
	GlobalSection(ExtensibilityGlobals) = postSolution
		SolutionGuid = {B04C260E-4D3F-49E9-B395-96008F6241B2}
	EndGlobalSection
EndGlobal
